// !$*UTF8*$!
{
	archiveVersion = 1;
	classes = {
	};
	objectVersion = 55;
	objects = {

/* Begin PBXBuildFile section */
		F59A15FA280E7CF80090817A /* main.cpp in Sources */ = {isa = PBXBuildFile; fileRef = F59A15F9280E7CF80090817A /* main.cpp */; };
		F59A1603280E7F7C0090817A /* loginandregistration.cpp in Sources */ = {isa = PBXBuildFile; fileRef = F59A1601280E7F7C0090817A /* loginandregistration.cpp */; };
		F59A1607280E8DAA0090817A /* userdatabase.cpp in Sources */ = {isa = PBXBuildFile; fileRef = F59A1605280E8DAA0090817A /* userdatabase.cpp */; };
/* End PBXBuildFile section */

/* Begin PBXCopyFilesBuildPhase section */
		F59A15F4280E7CF80090817A /* CopyFiles */ = {
			isa = PBXCopyFilesBuildPhase;
			buildActionMask = 2147483647;
			dstPath = /usr/share/man/man1/;
			dstSubfolderSpec = 0;
			files = (
			);
			runOnlyForDeploymentPostprocessing = 1;
		};
/* End PBXCopyFilesBuildPhase section */

/* Begin PBXFileReference section */
		F59A15F6280E7CF80090817A /* Command Line Application */ = {isa = PBXFileReference; explicitFileType = "compiled.mach-o.executable"; includeInIndex = 0; path = "Command Line Application"; sourceTree = BUILT_PRODUCTS_DIR; };
		F59A15F9280E7CF80090817A /* main.cpp */ = {isa = PBXFileReference; lastKnownFileType = sourcecode.cpp.cpp; path = main.cpp; sourceTree = "<group>"; };
		F59A1601280E7F7C0090817A /* loginandregistration.cpp */ = {isa = PBXFileReference; lastKnownFileType = sourcecode.cpp.cpp; path = loginandregistration.cpp; sourceTree = "<group>"; };
		F59A1602280E7F7C0090817A /* loginandregistration.hpp */ = {isa = PBXFileReference; lastKnownFileType = sourcecode.cpp.h; path = loginandregistration.hpp; sourceTree = "<group>"; };
		F59A1605280E8DAA0090817A /* userdatabase.cpp */ = {isa = PBXFileReference; lastKnownFileType = sourcecode.cpp.cpp; path = userdatabase.cpp; sourceTree = "<group>"; };
		F59A1606280E8DAA0090817A /* userdatabase.hpp */ = {isa = PBXFileReference; lastKnownFileType = sourcecode.cpp.h; path = userdatabase.hpp; sourceTree = "<group>"; };
/* End PBXFileReference section */

/* Begin PBXFrameworksBuildPhase section */
		F59A15F3280E7CF80090817A /* Frameworks */ = {
			isa = PBXFrameworksBuildPhase;
			buildActionMask = 2147483647;
			files = (
			);
			runOnlyForDeploymentPostprocessing = 0;
		};
/* End PBXFrameworksBuildPhase section */

/* Begin PBXGroup section */
		F59A15ED280E7CF80090817A = {
			isa = PBXGroup;
			children = (
				F59A1600280E7F1C0090817A /* Learning C++ */,
				F59A15F8280E7CF80090817A /* Command Line Application */,
				F59A15F7280E7CF80090817A /* Products */,
			);
			sourceTree = "<group>";
		};
		F59A15F7280E7CF80090817A /* Products */ = {
			isa = PBXGroup;
			children = (
				F59A15F6280E7CF80090817A /* Command Line Application */,
			);
			name = Products;
			sourceTree = "<group>";
		};
		F59A15F8280E7CF80090817A /* Command Line Application */ = {
			isa = PBXGroup;
			children = (
				F59A1604280E894C0090817A /* files */,
				F59A15F9280E7CF80090817A /* main.cpp */,
				F59A1601280E7F7C0090817A /* loginandregistration.cpp */,
				F59A1602280E7F7C0090817A /* loginandregistration.hpp */,
				F59A1605280E8DAA0090817A /* userdatabase.cpp */,
				F59A1606280E8DAA0090817A /* userdatabase.hpp */,
			);
			path = "Command Line Application";
			sourceTree = "<group>";
		};
		F59A1600280E7F1C0090817A /* Learning C++ */ = {
			isa = PBXGroup;
			children = (
			);
			path = "Learning C++";
			sourceTree = "<group>";
		};
		F59A1604280E894C0090817A /* files */ = {
			isa = PBXGroup;
			children = (
			);
			path = files;
			sourceTree = "<group>";
		};
/* End PBXGroup section */

/* Begin PBXNativeTarget section */
		F59A15F5280E7CF80090817A /* Command Line Application */ = {
			isa = PBXNativeTarget;
			buildConfigurationList = F59A15FD280E7CF80090817A /* Build configuration list for PBXNativeTarget "Command Line Application" */;
			buildPhases = (
				F59A15F2280E7CF80090817A /* Sources */,
				F59A15F3280E7CF80090817A /* Frameworks */,
				F59A15F4280E7CF80090817A /* CopyFiles */,
			);
			buildRules = (
			);
			dependencies = (
			);
			name = "Command Line Application";
			productName = "Command Line Application";
			productReference = F59A15F6280E7CF80090817A /* Command Line Application */;
			productType = "com.apple.product-type.tool";
		};
/* End PBXNativeTarget section */

/* Begin PBXProject section */
		F59A15EE280E7CF80090817A /* Project object */ = {
			isa = PBXProject;
			attributes = {
				BuildIndependentTargetsInParallel = 1;
				LastUpgradeCheck = 1330;
				TargetAttributes = {
					F59A15F5280E7CF80090817A = {
						CreatedOnToolsVersion = 13.3.1;
					};
				};
			};
			buildConfigurationList = F59A15F1280E7CF80090817A /* Build configuration list for PBXProject "Command Line Application" */;
			compatibilityVersion = "Xcode 13.0";
			developmentRegion = en;
			hasScannedForEncodings = 0;
			knownRegions = (
				en,
				Base,
			);
			mainGroup = F59A15ED280E7CF80090817A;
			productRefGroup = F59A15F7280E7CF80090817A /* Products */;
			projectDirPath = "";
			projectRoot = "";
			targets = (
				F59A15F5280E7CF80090817A /* Command Line Application */,
			);
		};
/* End PBXProject section */

/* Begin PBXSourcesBuildPhase section */
		F59A15F2280E7CF80090817A /* Sources */ = {
			isa = PBXSourcesBuildPhase;
			buildActionMask = 2147483647;
			files = (
				F59A1603280E7F7C0090817A /* loginandregistration.cpp in Sources */,
				F59A1607280E8DAA0090817A /* userdatabase.cpp in Sources */,
				F59A15FA280E7CF80090817A /* main.cpp in Sources */,
			);
			runOnlyForDeploymentPostprocessing = 0;
		};
/* End PBXSourcesBuildPhase section */

/* Begin XCBuildConfiguration section */
		F59A15FB280E7CF80090817A /* Debug */ = {
			isa = XCBuildConfiguration;
			buildSettings = {
				ALWAYS_SEARCH_USER_PATHS = NO;
				CLANG_ANALYZER_NONNULL = YES;
				CLANG_ANALYZER_NUMBER_OBJECT_CONVERSION = YES_AGGRESSIVE;
				CLANG_CXX_LANGUAGE_STANDARD = "gnu++17";
				CLANG_ENABLE_MODULES = YES;
				CLANG_ENABLE_OBJC_ARC = YES;
				CLANG_ENABLE_OBJC_WEAK = YES;
				CLANG_WARN_BLOCK_CAPTURE_AUTORELEASING = YES;
				CLANG_WARN_BOOL_CONVERSION = YES;
				CLANG_WARN_COMMA = YES;
				CLANG_WARN_CONSTANT_CONVERSION = YES;
				CLANG_WARN_DEPRECATED_OBJC_IMPLEMENTATIONS = YES;
				CLANG_WARN_DIRECT_OBJC_ISA_USAGE = YES_ERROR;
				CLANG_WARN_DOCUMENTATION_COMMENTS = YES;
				CLANG_WARN_EMPTY_BODY = YES;
				CLANG_WARN_ENUM_CONVERSION = YES;
				CLANG_WARN_INFINITE_RECURSION = YES;
				CLANG_WARN_INT_CONVERSION = YES;
				CLANG_WARN_NON_LITERAL_NULL_CONVERSION = YES;
				CLANG_WARN_OBJC_IMPLICIT_RETAIN_SELF = YES;
				CLANG_WARN_OBJC_LITERAL_CONVERSION = YES;
				CLANG_WARN_OBJC_ROOT_CLASS = YES_ERROR;
				CLANG_WARN_QUOTED_INCLUDE_IN_FRAMEWORK_HEADER = YES;
				CLANG_WARN_RANGE_LOOP_ANALYSIS = YES;
				CLANG_WARN_STRICT_PROTOTYPES = YES;
				CLANG_WARN_SUSPICIOUS_MOVE = YES;
				CLANG_WARN_UNGUARDED_AVAILABILITY = YES_AGGRESSIVE;
				CLANG_WARN_UNREACHABLE_CODE = YES;
				CLANG_WARN__DUPLICATE_METHOD_MATCH = YES;
				COPY_PHASE_STRIP = NO;
				DEBUG_INFORMATION_FORMAT = dwarf;
				ENABLE_STRICT_OBJC_MSGSEND = YES;
				ENABLE_TESTABILITY = YES;
				GCC_C_LANGUAGE_STANDARD = gnu11;
				GCC_DYNAMIC_NO_PIC = NO;
				GCC_NO_COMMON_BLOCKS = YES;
				GCC_OPTIMIZATION_LEVEL = 0;
				GCC_PREPROCESSOR_DEFINITIONS = (
					"DEBUG=1",
					"$(inherited)",
				);
				GCC_WARN_64_TO_32_BIT_CONVERSION = YES;
				GCC_WARN_ABOUT_RETURN_TYPE = YES_ERROR;
				GCC_WARN_UNDECLARED_SELECTOR = YES;
				GCC_WARN_UNINITIALIZED_AUTOS = YES_AGGRESSIVE;
				GCC_WARN_UNUSED_FUNCTION = YES;
				GCC_WARN_UNUSED_VARIABLE = YES;
				MACOSX_DEPLOYMENT_TARGET = 12.3;
				MTL_ENABLE_DEBUG_INFO = INCLUDE_SOURCE;
				MTL_FAST_MATH = YES;
				ONLY_ACTIVE_ARCH = YES;
				SDKROOT = macosx;
			};
			name = Debug;
		};
		F59A15FC280E7CF80090817A /* Release */ = {
			isa = XCBuildConfiguration;
			buildSettings = {
				ALWAYS_SEARCH_USER_PATHS = NO;
				CLANG_ANALYZER_NONNULL = YES;
				CLANG_ANALYZER_NUMBER_OBJECT_CONVERSION = YES_AGGRESSIVE;
				CLANG_CXX_LANGUAGE_STANDARD = "gnu++17";
				CLANG_ENABLE_MODULES = YES;
				CLANG_ENABLE_OBJC_ARC = YES;
				CLANG_ENABLE_OBJC_WEAK = YES;
				CLANG_WARN_BLOCK_CAPTURE_AUTORELEASING = YES;
				CLANG_WARN_BOOL_CONVERSION = YES;
				CLANG_WARN_COMMA = YES;
				CLANG_WARN_CONSTANT_CONVERSION = YES;
				CLANG_WARN_DEPRECATED_OBJC_IMPLEMENTATIONS = YES;
				CLANG_WARN_DIRECT_OBJC_ISA_USAGE = YES_ERROR;
				CLANG_WARN_DOCUMENTATION_COMMENTS = YES;
				CLANG_WARN_EMPTY_BODY = YES;
				CLANG_WARN_ENUM_CONVERSION = YES;
				CLANG_WARN_INFINITE_RECURSION = YES;
				CLANG_WARN_INT_CONVERSION = YES;
				CLANG_WARN_NON_LITERAL_NULL_CONVERSION = YES;
				CLANG_WARN_OBJC_IMPLICIT_RETAIN_SELF = YES;
				CLANG_WARN_OBJC_LITERAL_CONVERSION = YES;
				CLANG_WARN_OBJC_ROOT_CLASS = YES_ERROR;
				CLANG_WARN_QUOTED_INCLUDE_IN_FRAMEWORK_HEADER = YES;
				CLANG_WARN_RANGE_LOOP_ANALYSIS = YES;
				CLANG_WARN_STRICT_PROTOTYPES = YES;
				CLANG_WARN_SUSPICIOUS_MOVE = YES;
				CLANG_WARN_UNGUARDED_AVAILABILITY = YES_AGGRESSIVE;
				CLANG_WARN_UNREACHABLE_CODE = YES;
				CLANG_WARN__DUPLICATE_METHOD_MATCH = YES;
				COPY_PHASE_STRIP = NO;
				DEBUG_INFORMATION_FORMAT = "dwarf-with-dsym";
				ENABLE_NS_ASSERTIONS = NO;
				ENABLE_STRICT_OBJC_MSGSEND = YES;
				GCC_C_LANGUAGE_STANDARD = gnu11;
				GCC_NO_COMMON_BLOCKS = YES;
				GCC_WARN_64_TO_32_BIT_CONVERSION = YES;
				GCC_WARN_ABOUT_RETURN_TYPE = YES_ERROR;
				GCC_WARN_UNDECLARED_SELECTOR = YES;
				GCC_WARN_UNINITIALIZED_AUTOS = YES_AGGRESSIVE;
				GCC_WARN_UNUSED_FUNCTION = YES;
				GCC_WARN_UNUSED_VARIABLE = YES;
				MACOSX_DEPLOYMENT_TARGET = 12.3;
				MTL_ENABLE_DEBUG_INFO = NO;
				MTL_FAST_MATH = YES;
				SDKROOT = macosx;
			};
			name = Release;
		};
		F59A15FE280E7CF80090817A /* Debug */ = {
			isa = XCBuildConfiguration;
			buildSettings = {
				CODE_SIGN_STYLE = Automatic;
				DEVELOPMENT_TEAM = HMJDJ5QYQK;
				ENABLE_HARDENED_RUNTIME = YES;
				PRODUCT_NAME = "$(TARGET_NAME)";
			};
			name = Debug;
		};
		F59A15FF280E7CF80090817A /* Release */ = {
			isa = XCBuildConfiguration;
			buildSettings = {
				CODE_SIGN_STYLE = Automatic;
				DEVELOPMENT_TEAM = HMJDJ5QYQK;
				ENABLE_HARDENED_RUNTIME = YES;
				PRODUCT_NAME = "$(TARGET_NAME)";
			};
			name = Release;
		};
/* End XCBuildConfiguration section */

/* Begin XCConfigurationList section */
		F59A15F1280E7CF80090817A /* Build configuration list for PBXProject "Command Line Application" */ = {
			isa = XCConfigurationList;
			buildConfigurations = (
				F59A15FB280E7CF80090817A /* Debug */,
				F59A15FC280E7CF80090817A /* Release */,
			);
			defaultConfigurationIsVisible = 0;
			defaultConfigurationName = Release;
		};
		F59A15FD280E7CF80090817A /* Build configuration list for PBXNativeTarget "Command Line Application" */ = {
			isa = XCConfigurationList;
			buildConfigurations = (
				F59A15FE280E7CF80090817A /* Debug */,
				F59A15FF280E7CF80090817A /* Release */,
			);
			defaultConfigurationIsVisible = 0;
			defaultConfigurationName = Release;
		};
/* End XCConfigurationList section */
	};
	rootObject = F59A15EE280E7CF80090817A /* Project object */;
}
